
Microsoft Visual Studio Solution File, Format Version 11.00
# Visual Studio 2010
Project("{FAE04EC0-301F-11D3-BF4B-00C04F79EFBC}") = "MiddleWareTPVTextil", "MiddleWareTPVTextil.csproj", "{55CC8152-AA81-4254-808F-0ABD74406D67}"
	ProjectSection(ProjectDependencies) = postProject
		{9252727E-2BFD-46A0-B617-715F42F48175} = {9252727E-2BFD-46A0-B617-715F42F48175}
	EndProjectSection
EndProject
Project("{E24C65DC-7377-472B-9ABA-BC803B73C61A}") = "WebServiceTPVTextil", "..\WebServiceTPVTextil\", "{0F95F5E7-C466-44E9-8ED4-9B0E9C99418C}"
	ProjectSection(WebsiteProperties) = preProject
		TargetFrameworkMoniker = ".NETFramework,Version%3Dv2.0"
		ProjectReferences = "{55CC8152-AA81-4254-808F-0ABD74406D67}|MiddleWareTPVTextil.dll;{9252727E-2BFD-46A0-B617-715F42F48175}|NavisionDB.dll;"
		Debug.AspNetCompiler.VirtualPath = "/WebServiceTPVTextil"
		Debug.AspNetCompiler.PhysicalPath = "..\WebServiceTPVTextil\"
		Debug.AspNetCompiler.TargetPath = "PrecompiledWeb\WebServiceTPVTextil\"
		Debug.AspNetCompiler.Updateable = "true"
		Debug.AspNetCompiler.ForceOverwrite = "true"
		Debug.AspNetCompiler.FixedNames = "false"
		Debug.AspNetCompiler.Debug = "True"
		Release.AspNetCompiler.VirtualPath = "/WebServiceTPVTextil"
		Release.AspNetCompiler.PhysicalPath = "..\WebServiceTPVTextil\"
		Release.AspNetCompiler.TargetPath = "PrecompiledWeb\WebServiceTPVTextil\"
		Release.AspNetCompiler.Updateable = "true"
		Release.AspNetCompiler.ForceOverwrite = "true"
		Release.AspNetCompiler.FixedNames = "false"
		Release.AspNetCompiler.Debug = "False"
		VWDPort = "1633"
	EndProjectSection
	ProjectSection(ProjectDependencies) = postProject
		{9252727E-2BFD-46A0-B617-715F42F48175} = {9252727E-2BFD-46A0-B617-715F42F48175}
	EndProjectSection
EndProject
Project("{FAE04EC0-301F-11D3-BF4B-00C04F79EFBC}") = "NavisionDB", "..\NavisionDB\NavisionDB.csproj", "{9252727E-2BFD-46A0-B617-715F42F48175}"
EndProject
Global
	GlobalSection(SolutionConfigurationPlatforms) = preSolution
		Debug|.NET = Debug|.NET
		Debug|Any CPU = Debug|Any CPU
		Debug|Mixed Platforms = Debug|Mixed Platforms
		Debug|x86 = Debug|x86
		Release|.NET = Release|.NET
		Release|Any CPU = Release|Any CPU
		Release|Mixed Platforms = Release|Mixed Platforms
		Release|x86 = Release|x86
	EndGlobalSection
	GlobalSection(ProjectConfigurationPlatforms) = postSolution
		{55CC8152-AA81-4254-808F-0ABD74406D67}.Debug|.NET.ActiveCfg = Debug|Any CPU
		{55CC8152-AA81-4254-808F-0ABD74406D67}.Debug|.NET.Build.0 = Debug|Any CPU
		{55CC8152-AA81-4254-808F-0ABD74406D67}.Debug|Any CPU.ActiveCfg = Debug|Any CPU
		{55CC8152-AA81-4254-808F-0ABD74406D67}.Debug|Any CPU.Build.0 = Debug|Any CPU
		{55CC8152-AA81-4254-808F-0ABD74406D67}.Debug|Mixed Platforms.ActiveCfg = Debug|Any CPU
		{55CC8152-AA81-4254-808F-0ABD74406D67}.Debug|Mixed Platforms.Build.0 = Debug|Any CPU
		{55CC8152-AA81-4254-808F-0ABD74406D67}.Debug|x86.ActiveCfg = Debug|Any CPU
		{55CC8152-AA81-4254-808F-0ABD74406D67}.Release|.NET.ActiveCfg = Release|Any CPU
		{55CC8152-AA81-4254-808F-0ABD74406D67}.Release|.NET.Build.0 = Release|Any CPU
		{55CC8152-AA81-4254-808F-0ABD74406D67}.Release|Any CPU.ActiveCfg = Release|Any CPU
		{55CC8152-AA81-4254-808F-0ABD74406D67}.Release|Any CPU.Build.0 = Release|Any CPU
		{55CC8152-AA81-4254-808F-0ABD74406D67}.Release|Mixed Platforms.ActiveCfg = Release|Any CPU
		{55CC8152-AA81-4254-808F-0ABD74406D67}.Release|Mixed Platforms.Build.0 = Release|Any CPU
		{55CC8152-AA81-4254-808F-0ABD74406D67}.Release|x86.ActiveCfg = Release|Any CPU
		{55CC8152-AA81-4254-808F-0ABD74406D67}.Release|x86.Build.0 = Release|Any CPU
		{0F95F5E7-C466-44E9-8ED4-9B0E9C99418C}.Debug|.NET.ActiveCfg = Debug|Any CPU
		{0F95F5E7-C466-44E9-8ED4-9B0E9C99418C}.Debug|.NET.Build.0 = Debug|Any CPU
		{0F95F5E7-C466-44E9-8ED4-9B0E9C99418C}.Debug|Any CPU.ActiveCfg = Debug|.NET
		{0F95F5E7-C466-44E9-8ED4-9B0E9C99418C}.Debug|Any CPU.Build.0 = Debug|.NET
		{0F95F5E7-C466-44E9-8ED4-9B0E9C99418C}.Debug|Mixed Platforms.ActiveCfg = Debug|.NET
		{0F95F5E7-C466-44E9-8ED4-9B0E9C99418C}.Debug|Mixed Platforms.Build.0 = Debug|.NET
		{0F95F5E7-C466-44E9-8ED4-9B0E9C99418C}.Debug|x86.ActiveCfg = Debug|.NET
		{0F95F5E7-C466-44E9-8ED4-9B0E9C99418C}.Release|.NET.ActiveCfg = Debug|.NET
		{0F95F5E7-C466-44E9-8ED4-9B0E9C99418C}.Release|.NET.Build.0 = Debug|.NET
		{0F95F5E7-C466-44E9-8ED4-9B0E9C99418C}.Release|Any CPU.ActiveCfg = Debug|Any CPU
		{0F95F5E7-C466-44E9-8ED4-9B0E9C99418C}.Release|Any CPU.Build.0 = Debug|Any CPU
		{0F95F5E7-C466-44E9-8ED4-9B0E9C99418C}.Release|Mixed Platforms.ActiveCfg = Debug|.NET
		{0F95F5E7-C466-44E9-8ED4-9B0E9C99418C}.Release|Mixed Platforms.Build.0 = Debug|.NET
		{0F95F5E7-C466-44E9-8ED4-9B0E9C99418C}.Release|x86.ActiveCfg = Debug|Any CPU
		{0F95F5E7-C466-44E9-8ED4-9B0E9C99418C}.Release|x86.Build.0 = Debug|Any CPU
		{9252727E-2BFD-46A0-B617-715F42F48175}.Debug|.NET.ActiveCfg = Debug|Any CPU
		{9252727E-2BFD-46A0-B617-715F42F48175}.Debug|Any CPU.ActiveCfg = Debug|Any CPU
		{9252727E-2BFD-46A0-B617-715F42F48175}.Debug|Any CPU.Build.0 = Debug|Any CPU
		{9252727E-2BFD-46A0-B617-715F42F48175}.Debug|Mixed Platforms.ActiveCfg = Debug|Any CPU
		{9252727E-2BFD-46A0-B617-715F42F48175}.Debug|Mixed Platforms.Build.0 = Debug|Any CPU
		{9252727E-2BFD-46A0-B617-715F42F48175}.Debug|x86.ActiveCfg = Debug|Any CPU
		{9252727E-2BFD-46A0-B617-715F42F48175}.Release|.NET.ActiveCfg = Release|Any CPU
		{9252727E-2BFD-46A0-B617-715F42F48175}.Release|Any CPU.ActiveCfg = Release|Any CPU
		{9252727E-2BFD-46A0-B617-715F42F48175}.Release|Any CPU.Build.0 = Release|Any CPU
		{9252727E-2BFD-46A0-B617-715F42F48175}.Release|Mixed Platforms.ActiveCfg = Release|Any CPU
		{9252727E-2BFD-46A0-B617-715F42F48175}.Release|Mixed Platforms.Build.0 = Release|Any CPU
		{9252727E-2BFD-46A0-B617-715F42F48175}.Release|x86.ActiveCfg = Release|Any CPU
	EndGlobalSection
	GlobalSection(SolutionProperties) = preSolution
		HideSolutionNode = FALSE
	EndGlobalSection
	GlobalSection(ExtensibilityGlobals) = postSolution
		VisualSVNWorkingCopyRoot = ..
	EndGlobalSection
EndGlobal
